
Microsoft Visual Studio Solution File, Format Version 12.00
# Visual Studio Express 2012 for Web
Project("{FAE04EC0-301F-11D3-BF4B-00C04F79EFBC}") = "OdeToFood", "OdeToFood\OdeToFood.csproj", "{72140494-6B39-492E-B077-7DA3847C1BE2}"
EndProject
Project("{FAE04EC0-301F-11D3-BF4B-00C04F79EFBC}") = "OdeToFood.Tests", "OdeToFood.Tests\OdeToFood.Tests.csproj", "{20472FEC-6721-4C85-8F15-0AFBCA1756E7}"
EndProject
Global
	GlobalSection(SolutionConfigurationPlatforms) = preSolution
		Debug|Any CPU = Debug|Any CPU
		Release|Any CPU = Release|Any CPU
	EndGlobalSection
	GlobalSection(ProjectConfigurationPlatforms) = postSolution
		{72140494-6B39-492E-B077-7DA3847C1BE2}.Debug|Any CPU.ActiveCfg = Debug|Any CPU
		{72140494-6B39-492E-B077-7DA3847C1BE2}.Debug|Any CPU.Build.0 = Debug|Any CPU
		{72140494-6B39-492E-B077-7DA3847C1BE2}.Release|Any CPU.ActiveCfg = Release|Any CPU
		{72140494-6B39-492E-B077-7DA3847C1BE2}.Release|Any CPU.Build.0 = Release|Any CPU
		{20472FEC-6721-4C85-8F15-0AFBCA1756E7}.Debug|Any CPU.ActiveCfg = Debug|Any CPU
		{20472FEC-6721-4C85-8F15-0AFBCA1756E7}.Debug|Any CPU.Build.0 = Debug|Any CPU
		{20472FEC-6721-4C85-8F15-0AFBCA1756E7}.Release|Any CPU.ActiveCfg = Release|Any CPU
		{20472FEC-6721-4C85-8F15-0AFBCA1756E7}.Release|Any CPU.Build.0 = Release|Any CPU
	EndGlobalSection
	GlobalSection(SolutionProperties) = preSolution
		HideSolutionNode = FALSE
	EndGlobalSection
EndGlobal
